
Microsoft Visual Studio Solution File, Format Version 12.00
# Visual Studio 15
VisualStudioVersion = 15.0.26228.9
MinimumVisualStudioVersion = 10.0.40219.1
Project("{9092AA53-FB77-4645-B42D-1CCCA6BD08BD}") = "DocuCloud", "DocuCloud\DocuCloud.njsproj", "{845D98F1-3765-40E1-8850-4122C4D31EC9}"
EndProject
Global
	GlobalSection(SolutionConfigurationPlatforms) = preSolution
		Debug|Any CPU = Debug|Any CPU
		Release|Any CPU = Release|Any CPU
	EndGlobalSection
	GlobalSection(ProjectConfigurationPlatforms) = postSolution
		{845D98F1-3765-40E1-8850-4122C4D31EC9}.Debug|Any CPU.ActiveCfg = Debug|Any CPU
		{845D98F1-3765-40E1-8850-4122C4D31EC9}.Debug|Any CPU.Build.0 = Debug|Any CPU
		{845D98F1-3765-40E1-8850-4122C4D31EC9}.Release|Any CPU.ActiveCfg = Release|Any CPU
		{845D98F1-3765-40E1-8850-4122C4D31EC9}.Release|Any CPU.Build.0 = Release|Any CPU
	EndGlobalSection
	GlobalSection(SolutionProperties) = preSolution
		HideSolutionNode = FALSE
	EndGlobalSection
EndGlobal
